
Microsoft Visual Studio Solution File, Format Version 12.00
# Visual Studio Version 17
VisualStudioVersion = 17.1.32407.343
MinimumVisualStudioVersion = 10.0.40219.1
Project("{FAE04EC0-301F-11D3-BF4B-00C04F79EFBC}") = "M14_Task", "M14_Task\M14_Task.csproj", "{24295EA3-50D7-4E31-A473-ACC23ED70A14}"
EndProject
Project("{FAE04EC0-301F-11D3-BF4B-00C04F79EFBC}") = "М13_Task1", "..\М13_Task1\М13_Task1\М13_Task1.csproj", "{AA911307-FC83-453D-9674-50373850D3C5}"
EndProject
Global
	GlobalSection(SolutionConfigurationPlatforms) = preSolution
		Debug|Any CPU = Debug|Any CPU
		Release|Any CPU = Release|Any CPU
	EndGlobalSection
	GlobalSection(ProjectConfigurationPlatforms) = postSolution
		{24295EA3-50D7-4E31-A473-ACC23ED70A14}.Debug|Any CPU.ActiveCfg = Debug|Any CPU
		{24295EA3-50D7-4E31-A473-ACC23ED70A14}.Debug|Any CPU.Build.0 = Debug|Any CPU
		{24295EA3-50D7-4E31-A473-ACC23ED70A14}.Release|Any CPU.ActiveCfg = Release|Any CPU
		{24295EA3-50D7-4E31-A473-ACC23ED70A14}.Release|Any CPU.Build.0 = Release|Any CPU
		{AA911307-FC83-453D-9674-50373850D3C5}.Debug|Any CPU.ActiveCfg = Debug|Any CPU
		{AA911307-FC83-453D-9674-50373850D3C5}.Debug|Any CPU.Build.0 = Debug|Any CPU
		{AA911307-FC83-453D-9674-50373850D3C5}.Release|Any CPU.ActiveCfg = Release|Any CPU
		{AA911307-FC83-453D-9674-50373850D3C5}.Release|Any CPU.Build.0 = Release|Any CPU
	EndGlobalSection
	GlobalSection(SolutionProperties) = preSolution
		HideSolutionNode = FALSE
	EndGlobalSection
	GlobalSection(ExtensibilityGlobals) = postSolution
		SolutionGuid = {50046C4A-3F73-41A6-B2ED-2C45675DD83E}
	EndGlobalSection
EndGlobal
